
Microsoft Visual Studio Solution File, Format Version 12.00
# Visual Studio Version 16
VisualStudioVersion = 16.0.29020.237
MinimumVisualStudioVersion = 10.0.40219.1
Project("{FAE04EC0-301F-11D3-BF4B-00C04F79EFBC}") = "Exercício01_TotalAlunos", "Exercício01_TotalAlunos\Exercício01_TotalAlunos.csproj", "{5C89198B-B451-4B2A-803B-655BCC9A0E84}"
EndProject
Project("{FAE04EC0-301F-11D3-BF4B-00C04F79EFBC}") = "Exercício02_PreçoVenda", "Exercício02_PreçoVenda\Exercício02_PreçoVenda.csproj", "{255F5398-1921-40B7-8353-BA9D1978D1FF}"
EndProject
Project("{FAE04EC0-301F-11D3-BF4B-00C04F79EFBC}") = "Exercício03_SomaDeNumeros", "Exercício03_SomaDeNumeros\Exercício03_SomaDeNumeros.csproj", "{BA2BEF3D-8296-4AD6-A556-78C4E3097F02}"
EndProject
Project("{FAE04EC0-301F-11D3-BF4B-00C04F79EFBC}") = "multaBiblioteca", "multaBiblioteca\multaBiblioteca.csproj", "{D7EA75A0-D320-4F93-AB13-0C384D9C8EB2}"
EndProject
Global
	GlobalSection(SolutionConfigurationPlatforms) = preSolution
		Debug|Any CPU = Debug|Any CPU
		Release|Any CPU = Release|Any CPU
	EndGlobalSection
	GlobalSection(ProjectConfigurationPlatforms) = postSolution
		{5C89198B-B451-4B2A-803B-655BCC9A0E84}.Debug|Any CPU.ActiveCfg = Debug|Any CPU
		{5C89198B-B451-4B2A-803B-655BCC9A0E84}.Debug|Any CPU.Build.0 = Debug|Any CPU
		{5C89198B-B451-4B2A-803B-655BCC9A0E84}.Release|Any CPU.ActiveCfg = Release|Any CPU
		{5C89198B-B451-4B2A-803B-655BCC9A0E84}.Release|Any CPU.Build.0 = Release|Any CPU
		{255F5398-1921-40B7-8353-BA9D1978D1FF}.Debug|Any CPU.ActiveCfg = Debug|Any CPU
		{255F5398-1921-40B7-8353-BA9D1978D1FF}.Debug|Any CPU.Build.0 = Debug|Any CPU
		{255F5398-1921-40B7-8353-BA9D1978D1FF}.Release|Any CPU.ActiveCfg = Release|Any CPU
		{255F5398-1921-40B7-8353-BA9D1978D1FF}.Release|Any CPU.Build.0 = Release|Any CPU
		{BA2BEF3D-8296-4AD6-A556-78C4E3097F02}.Debug|Any CPU.ActiveCfg = Debug|Any CPU
		{BA2BEF3D-8296-4AD6-A556-78C4E3097F02}.Debug|Any CPU.Build.0 = Debug|Any CPU
		{BA2BEF3D-8296-4AD6-A556-78C4E3097F02}.Release|Any CPU.ActiveCfg = Release|Any CPU
		{BA2BEF3D-8296-4AD6-A556-78C4E3097F02}.Release|Any CPU.Build.0 = Release|Any CPU
		{D7EA75A0-D320-4F93-AB13-0C384D9C8EB2}.Debug|Any CPU.ActiveCfg = Debug|Any CPU
		{D7EA75A0-D320-4F93-AB13-0C384D9C8EB2}.Debug|Any CPU.Build.0 = Debug|Any CPU
		{D7EA75A0-D320-4F93-AB13-0C384D9C8EB2}.Release|Any CPU.ActiveCfg = Release|Any CPU
		{D7EA75A0-D320-4F93-AB13-0C384D9C8EB2}.Release|Any CPU.Build.0 = Release|Any CPU
	EndGlobalSection
	GlobalSection(SolutionProperties) = preSolution
		HideSolutionNode = FALSE
	EndGlobalSection
	GlobalSection(ExtensibilityGlobals) = postSolution
		SolutionGuid = {897717C0-7F0C-4718-9C5A-01B6D29F6B87}
	EndGlobalSection
EndGlobal
